{
  "dependencies": {
    "slug": {
      "version": "0.9.1",
      "resolved": "https://registry.npmjs.org/slug/-/slug-0.9.1.tgz",
      "from": "https://registry.npmjs.org/slug/-/slug-0.9.1.tgz",
      "dependencies": {
        "unicode": {
          "version": "0.6.1",
          "resolved": "https://registry.npmjs.org/unicode/-/unicode-0.6.1.tgz",
          "from": "https://registry.npmjs.org/unicode/-/unicode-0.6.1.tgz",
          "dependencies": {
            "bufferstream": {
              "version": "0.6.2",
              "resolved": "https://registry.npmjs.org/bufferstream/-/bufferstream-0.6.2.tgz",
              "from": "https://registry.npmjs.org/bufferstream/-/bufferstream-0.6.2.tgz",
              "dependencies": {
                "bufferjs": {
                  "version": "3.0.1",
                  "resolved": "https://registry.npmjs.org/bufferjs/-/bufferjs-3.0.1.tgz",
                  "from": "https://registry.npmjs.org/bufferjs/-/bufferjs-3.0.1.tgz"
                },
                "buffertools": {
                  "version": "2.1.4",
                  "resolved": "https://registry.npmjs.org/buffertools/-/buffertools-2.1.4.tgz",
                  "from": "https://registry.npmjs.org/buffertools/-/buffertools-2.1.4.tgz"
                }
              }
            }
          }
        }
      }
    }
  }
}
